
Microsoft Visual Studio Solution File, Format Version 12.00
# Visual Studio Version 17
VisualStudioVersion = 17.6.33829.357
MinimumVisualStudioVersion = 10.0.40219.1
Project("{FAE04EC0-301F-11D3-BF4B-00C04F79EFBC}") = "01.CarManufacturer", "01.CarManufacturer\01.CarManufacturer.csproj", "{61895348-C72C-43C3-9D44-800DDC1C0870}"
EndProject
Global
	GlobalSection(SolutionConfigurationPlatforms) = preSolution
		Debug|Any CPU = Debug|Any CPU
		Release|Any CPU = Release|Any CPU
	EndGlobalSection
	GlobalSection(ProjectConfigurationPlatforms) = postSolution
		{61895348-C72C-43C3-9D44-800DDC1C0870}.Debug|Any CPU.ActiveCfg = Debug|Any CPU
		{61895348-C72C-43C3-9D44-800DDC1C0870}.Debug|Any CPU.Build.0 = Debug|Any CPU
		{61895348-C72C-43C3-9D44-800DDC1C0870}.Release|Any CPU.ActiveCfg = Release|Any CPU
		{61895348-C72C-43C3-9D44-800DDC1C0870}.Release|Any CPU.Build.0 = Release|Any CPU
	EndGlobalSection
	GlobalSection(SolutionProperties) = preSolution
		HideSolutionNode = FALSE
	EndGlobalSection
	GlobalSection(ExtensibilityGlobals) = postSolution
		SolutionGuid = {3EF3442B-2D00-451A-B962-E9C08426F97A}
	EndGlobalSection
EndGlobal
