
Microsoft Visual Studio Solution File, Format Version 12.00
# Visual Studio Version 17
VisualStudioVersion = 17.6.33829.357
MinimumVisualStudioVersion = 10.0.40219.1
Project("{9A19103F-16F7-4668-BE54-9A1E7A4F7556}") = "01.CarManufacturer", "01.CarManufacturer\01.CarManufacturer.csproj", "{61895348-C72C-43C3-9D44-800DDC1C0870}"
EndProject
Project("{9A19103F-16F7-4668-BE54-9A1E7A4F7556}") = "02. Students", "02.Students\02. Students.csproj", "{9FE6940C-704A-411E-AACA-629747B4334D}"
EndProject
Project("{9A19103F-16F7-4668-BE54-9A1E7A4F7556}") = "03. Articles", "03.Articles\03. Articles.csproj", "{B33B8A6C-F222-4FC3-A62A-6026150FBE2C}"
EndProject
Project("{9A19103F-16F7-4668-BE54-9A1E7A4F7556}") = "04.TeamworkProjects", "04.Teamwork Projects\04.TeamworkProjects.csproj", "{32DD16F1-70BE-4EAE-AEC9-61AD43033825}"
EndProject
Project("{9A19103F-16F7-4668-BE54-9A1E7A4F7556}") = "05. PokemonTrainer", "05.Pokemon Trainer\05. PokemonTrainer.csproj", "{A61A0010-A1E6-41C8-8387-ED80FF5B4F4E}"
EndProject
Project("{9A19103F-16F7-4668-BE54-9A1E7A4F7556}") = "06.Shapes", "06.Shapes\06.Shapes.csproj", "{29DECE65-99D3-45F5-A5C9-BFC87E3DF430}"
EndProject
Project("{9A19103F-16F7-4668-BE54-9A1E7A4F7556}") = "07.Raiding", "07.Raiding\07.Raiding.csproj", "{010569B4-F82A-4CFB-B392-D13535B44A3A}"
EndProject
Project("{9A19103F-16F7-4668-BE54-9A1E7A4F7556}") = "08.Cars", "08.Cars\08.Cars.csproj", "{106AED1C-EC39-4814-8B91-D983B12B5D17}"
EndProject
Project("{FAE04EC0-301F-11D3-BF4B-00C04F79EFBC}") = "09.Restaurant", "09.Restaurant\09.Restaurant.csproj", "{A94284E3-C733-43A2-9782-8743ABA5D3EA}"
EndProject
Global
	GlobalSection(SolutionConfigurationPlatforms) = preSolution
		Debug|Any CPU = Debug|Any CPU
		Release|Any CPU = Release|Any CPU
	EndGlobalSection
	GlobalSection(ProjectConfigurationPlatforms) = postSolution
		{61895348-C72C-43C3-9D44-800DDC1C0870}.Debug|Any CPU.ActiveCfg = Debug|Any CPU
		{61895348-C72C-43C3-9D44-800DDC1C0870}.Debug|Any CPU.Build.0 = Debug|Any CPU
		{61895348-C72C-43C3-9D44-800DDC1C0870}.Release|Any CPU.ActiveCfg = Release|Any CPU
		{61895348-C72C-43C3-9D44-800DDC1C0870}.Release|Any CPU.Build.0 = Release|Any CPU
		{9FE6940C-704A-411E-AACA-629747B4334D}.Debug|Any CPU.ActiveCfg = Debug|Any CPU
		{9FE6940C-704A-411E-AACA-629747B4334D}.Debug|Any CPU.Build.0 = Debug|Any CPU
		{9FE6940C-704A-411E-AACA-629747B4334D}.Release|Any CPU.ActiveCfg = Release|Any CPU
		{9FE6940C-704A-411E-AACA-629747B4334D}.Release|Any CPU.Build.0 = Release|Any CPU
		{B33B8A6C-F222-4FC3-A62A-6026150FBE2C}.Debug|Any CPU.ActiveCfg = Debug|Any CPU
		{B33B8A6C-F222-4FC3-A62A-6026150FBE2C}.Debug|Any CPU.Build.0 = Debug|Any CPU
		{B33B8A6C-F222-4FC3-A62A-6026150FBE2C}.Release|Any CPU.ActiveCfg = Release|Any CPU
		{B33B8A6C-F222-4FC3-A62A-6026150FBE2C}.Release|Any CPU.Build.0 = Release|Any CPU
		{32DD16F1-70BE-4EAE-AEC9-61AD43033825}.Debug|Any CPU.ActiveCfg = Debug|Any CPU
		{32DD16F1-70BE-4EAE-AEC9-61AD43033825}.Debug|Any CPU.Build.0 = Debug|Any CPU
		{32DD16F1-70BE-4EAE-AEC9-61AD43033825}.Release|Any CPU.ActiveCfg = Release|Any CPU
		{32DD16F1-70BE-4EAE-AEC9-61AD43033825}.Release|Any CPU.Build.0 = Release|Any CPU
		{A61A0010-A1E6-41C8-8387-ED80FF5B4F4E}.Debug|Any CPU.ActiveCfg = Debug|Any CPU
		{A61A0010-A1E6-41C8-8387-ED80FF5B4F4E}.Debug|Any CPU.Build.0 = Debug|Any CPU
		{A61A0010-A1E6-41C8-8387-ED80FF5B4F4E}.Release|Any CPU.ActiveCfg = Release|Any CPU
		{A61A0010-A1E6-41C8-8387-ED80FF5B4F4E}.Release|Any CPU.Build.0 = Release|Any CPU
		{29DECE65-99D3-45F5-A5C9-BFC87E3DF430}.Debug|Any CPU.ActiveCfg = Debug|Any CPU
		{29DECE65-99D3-45F5-A5C9-BFC87E3DF430}.Debug|Any CPU.Build.0 = Debug|Any CPU
		{29DECE65-99D3-45F5-A5C9-BFC87E3DF430}.Release|Any CPU.ActiveCfg = Release|Any CPU
		{29DECE65-99D3-45F5-A5C9-BFC87E3DF430}.Release|Any CPU.Build.0 = Release|Any CPU
		{010569B4-F82A-4CFB-B392-D13535B44A3A}.Debug|Any CPU.ActiveCfg = Debug|Any CPU
		{010569B4-F82A-4CFB-B392-D13535B44A3A}.Debug|Any CPU.Build.0 = Debug|Any CPU
		{010569B4-F82A-4CFB-B392-D13535B44A3A}.Release|Any CPU.ActiveCfg = Release|Any CPU
		{010569B4-F82A-4CFB-B392-D13535B44A3A}.Release|Any CPU.Build.0 = Release|Any CPU
		{106AED1C-EC39-4814-8B91-D983B12B5D17}.Debug|Any CPU.ActiveCfg = Debug|Any CPU
		{106AED1C-EC39-4814-8B91-D983B12B5D17}.Debug|Any CPU.Build.0 = Debug|Any CPU
		{106AED1C-EC39-4814-8B91-D983B12B5D17}.Release|Any CPU.ActiveCfg = Release|Any CPU
		{106AED1C-EC39-4814-8B91-D983B12B5D17}.Release|Any CPU.Build.0 = Release|Any CPU
		{A94284E3-C733-43A2-9782-8743ABA5D3EA}.Debug|Any CPU.ActiveCfg = Debug|Any CPU
		{A94284E3-C733-43A2-9782-8743ABA5D3EA}.Debug|Any CPU.Build.0 = Debug|Any CPU
		{A94284E3-C733-43A2-9782-8743ABA5D3EA}.Release|Any CPU.ActiveCfg = Release|Any CPU
		{A94284E3-C733-43A2-9782-8743ABA5D3EA}.Release|Any CPU.Build.0 = Release|Any CPU
	EndGlobalSection
	GlobalSection(SolutionProperties) = preSolution
		HideSolutionNode = FALSE
	EndGlobalSection
	GlobalSection(ExtensibilityGlobals) = postSolution
		SolutionGuid = {3EF3442B-2D00-451A-B962-E9C08426F97A}
	EndGlobalSection
EndGlobal
